// !$*UTF8*$!
{
	archiveVersion = 1;
	classes = {
	};
	objectVersion = 50;
	objects = {

/* Begin PBXBuildFile section */
		045FBC5926C39A0F00B3BA7D /* MVP_Character.swift in Sources */ = {isa = PBXBuildFile; fileRef = 045FBC5826C39A0F00B3BA7D /* MVP_Character.swift */; };
		045FBC5F26C39D6600B3BA7D /* MVP_CharacterPresenter.swift in Sources */ = {isa = PBXBuildFile; fileRef = 045FBC5E26C39D6600B3BA7D /* MVP_CharacterPresenter.swift */; };
		045FBC6126C39D7400B3BA7D /* MVP_CharacterViewController.swift in Sources */ = {isa = PBXBuildFile; fileRef = 045FBC6026C39D7400B3BA7D /* MVP_CharacterViewController.swift */; };
		045FBC6326C39D9F00B3BA7D /* MVP_CharacterPresenterProtocol.swift in Sources */ = {isa = PBXBuildFile; fileRef = 045FBC6226C39D9F00B3BA7D /* MVP_CharacterPresenterProtocol.swift */; };
		045FBC7526C3AB4800B3BA7D /* Mock_CharacterPresenter.swift in Sources */ = {isa = PBXBuildFile; fileRef = 045FBC7426C3AB4800B3BA7D /* Mock_CharacterPresenter.swift */; };
		045FBC7726C3AD5300B3BA7D /* CharacterPresenterTests.swift in Sources */ = {isa = PBXBuildFile; fileRef = 045FBC7626C3AD5300B3BA7D /* CharacterPresenterTests.swift */; };
		0488829E266A121200C98A96 /* AppDelegate.swift in Sources */ = {isa = PBXBuildFile; fileRef = 0488829D266A121200C98A96 /* AppDelegate.swift */; };
		048882A0266A121200C98A96 /* SceneDelegate.swift in Sources */ = {isa = PBXBuildFile; fileRef = 0488829F266A121200C98A96 /* SceneDelegate.swift */; };
		048882A2266A121200C98A96 /* AppleMVC_CharacterViewController.swift in Sources */ = {isa = PBXBuildFile; fileRef = 048882A1266A121200C98A96 /* AppleMVC_CharacterViewController.swift */; };
		048882A5266A121200C98A96 /* Main.storyboard in Resources */ = {isa = PBXBuildFile; fileRef = 048882A3266A121200C98A96 /* Main.storyboard */; };
		048882A7266A121300C98A96 /* Assets.xcassets in Resources */ = {isa = PBXBuildFile; fileRef = 048882A6266A121300C98A96 /* Assets.xcassets */; };
		048882AA266A121300C98A96 /* LaunchScreen.storyboard in Resources */ = {isa = PBXBuildFile; fileRef = 048882A8266A121300C98A96 /* LaunchScreen.storyboard */; };
		048882B2266A125B00C98A96 /* MVC_Character.swift in Sources */ = {isa = PBXBuildFile; fileRef = 048882B1266A125B00C98A96 /* MVC_Character.swift */; };
		048882B4266A126000C98A96 /* MVC_CharacterView.swift in Sources */ = {isa = PBXBuildFile; fileRef = 048882B3266A126000C98A96 /* MVC_CharacterView.swift */; };
		048882B6266A126800C98A96 /* MVC_CharacterController.swift in Sources */ = {isa = PBXBuildFile; fileRef = 048882B5266A126800C98A96 /* MVC_CharacterController.swift */; };
		048882BA266A1A3500C98A96 /* AppleMVC_Character.swift in Sources */ = {isa = PBXBuildFile; fileRef = 048882B9266A1A3500C98A96 /* AppleMVC_Character.swift */; };
		04DEB20F271E9A7400E8AE7B /* Observable.swift in Sources */ = {isa = PBXBuildFile; fileRef = 04DEB20E271E9A7400E8AE7B /* Observable.swift */; };
		04DEB211271E9C5E00E8AE7B /* MVVM_CharacterViewController.swift in Sources */ = {isa = PBXBuildFile; fileRef = 04DEB210271E9C5E00E8AE7B /* MVVM_CharacterViewController.swift */; };
		04DEB216271E9D1B00E8AE7B /* CharacterViewModel.swift in Sources */ = {isa = PBXBuildFile; fileRef = 04DEB215271E9D1B00E8AE7B /* CharacterViewModel.swift */; };
		04DEB218271E9D4F00E8AE7B /* MVVM_Character.swift in Sources */ = {isa = PBXBuildFile; fileRef = 04DEB217271E9D4F00E8AE7B /* MVVM_Character.swift */; };
/* End PBXBuildFile section */

/* Begin PBXContainerItemProxy section */
		045FBC6C26C3AAEC00B3BA7D /* PBXContainerItemProxy */ = {
			isa = PBXContainerItemProxy;
			containerPortal = 04888292266A121200C98A96 /* Project object */;
			proxyType = 1;
			remoteGlobalIDString = 04888299266A121200C98A96;
			remoteInfo = "Architecture Example";
		};
/* End PBXContainerItemProxy section */

/* Begin PBXFileReference section */
		045FBC5826C39A0F00B3BA7D /* MVP_Character.swift */ = {isa = PBXFileReference; lastKnownFileType = sourcecode.swift; path = MVP_Character.swift; sourceTree = "<group>"; };
		045FBC5E26C39D6600B3BA7D /* MVP_CharacterPresenter.swift */ = {isa = PBXFileReference; lastKnownFileType = sourcecode.swift; path = MVP_CharacterPresenter.swift; sourceTree = "<group>"; };
		045FBC6026C39D7400B3BA7D /* MVP_CharacterViewController.swift */ = {isa = PBXFileReference; lastKnownFileType = sourcecode.swift; path = MVP_CharacterViewController.swift; sourceTree = "<group>"; };
		045FBC6226C39D9F00B3BA7D /* MVP_CharacterPresenterProtocol.swift */ = {isa = PBXFileReference; lastKnownFileType = sourcecode.swift; path = MVP_CharacterPresenterProtocol.swift; sourceTree = "<group>"; };
		045FBC6826C3AAEC00B3BA7D /* Architecture ExampleTests.xctest */ = {isa = PBXFileReference; explicitFileType = wrapper.cfbundle; includeInIndex = 0; path = "Architecture ExampleTests.xctest"; sourceTree = BUILT_PRODUCTS_DIR; };
		045FBC7426C3AB4800B3BA7D /* Mock_CharacterPresenter.swift */ = {isa = PBXFileReference; lastKnownFileType = sourcecode.swift; path = Mock_CharacterPresenter.swift; sourceTree = "<group>"; };
		045FBC7626C3AD5300B3BA7D /* CharacterPresenterTests.swift */ = {isa = PBXFileReference; lastKnownFileType = sourcecode.swift; path = CharacterPresenterTests.swift; sourceTree = "<group>"; };
		045FBC7826C3ADB200B3BA7D /* Architecture ExampleTests-Bridging-Header.h */ = {isa = PBXFileReference; fileEncoding = 4; lastKnownFileType = sourcecode.c.h; path = "Architecture ExampleTests-Bridging-Header.h"; sourceTree = "<group>"; };
		0488829A266A121200C98A96 /* Architecture Example.app */ = {isa = PBXFileReference; explicitFileType = wrapper.application; includeInIndex = 0; path = "Architecture Example.app"; sourceTree = BUILT_PRODUCTS_DIR; };
		0488829D266A121200C98A96 /* AppDelegate.swift */ = {isa = PBXFileReference; lastKnownFileType = sourcecode.swift; path = AppDelegate.swift; sourceTree = "<group>"; };
		0488829F266A121200C98A96 /* SceneDelegate.swift */ = {isa = PBXFileReference; lastKnownFileType = sourcecode.swift; path = SceneDelegate.swift; sourceTree = "<group>"; };
		048882A1266A121200C98A96 /* AppleMVC_CharacterViewController.swift */ = {isa = PBXFileReference; lastKnownFileType = sourcecode.swift; path = AppleMVC_CharacterViewController.swift; sourceTree = "<group>"; };
		048882A4266A121200C98A96 /* Base */ = {isa = PBXFileReference; lastKnownFileType = file.storyboard; name = Base; path = Base.lproj/Main.storyboard; sourceTree = "<group>"; };
		048882A6266A121300C98A96 /* Assets.xcassets */ = {isa = PBXFileReference; lastKnownFileType = folder.assetcatalog; path = Assets.xcassets; sourceTree = "<group>"; };
		048882A9266A121300C98A96 /* Base */ = {isa = PBXFileReference; lastKnownFileType = file.storyboard; name = Base; path = Base.lproj/LaunchScreen.storyboard; sourceTree = "<group>"; };
		048882AB266A121300C98A96 /* Info.plist */ = {isa = PBXFileReference; lastKnownFileType = text.plist.xml; path = Info.plist; sourceTree = "<group>"; };
		048882B1266A125B00C98A96 /* MVC_Character.swift */ = {isa = PBXFileReference; fileEncoding = 4; lastKnownFileType = sourcecode.swift; path = MVC_Character.swift; sourceTree = "<group>"; };
		048882B3266A126000C98A96 /* MVC_CharacterView.swift */ = {isa = PBXFileReference; fileEncoding = 4; lastKnownFileType = sourcecode.swift; path = MVC_CharacterView.swift; sourceTree = "<group>"; };
		048882B5266A126800C98A96 /* MVC_CharacterController.swift */ = {isa = PBXFileReference; fileEncoding = 4; lastKnownFileType = sourcecode.swift; path = MVC_CharacterController.swift; sourceTree = "<group>"; };
		048882B9266A1A3500C98A96 /* AppleMVC_Character.swift */ = {isa = PBXFileReference; lastKnownFileType = sourcecode.swift; path = AppleMVC_Character.swift; sourceTree = "<group>"; };
		04DEB20E271E9A7400E8AE7B /* Observable.swift */ = {isa = PBXFileReference; lastKnownFileType = sourcecode.swift; path = Observable.swift; sourceTree = "<group>"; };
		04DEB210271E9C5E00E8AE7B /* MVVM_CharacterViewController.swift */ = {isa = PBXFileReference; lastKnownFileType = sourcecode.swift; path = MVVM_CharacterViewController.swift; sourceTree = "<group>"; };
		04DEB215271E9D1B00E8AE7B /* CharacterViewModel.swift */ = {isa = PBXFileReference; lastKnownFileType = sourcecode.swift; path = CharacterViewModel.swift; sourceTree = "<group>"; };
		04DEB217271E9D4F00E8AE7B /* MVVM_Character.swift */ = {isa = PBXFileReference; lastKnownFileType = sourcecode.swift; path = MVVM_Character.swift; sourceTree = "<group>"; };
/* End PBXFileReference section */

/* Begin PBXFrameworksBuildPhase section */
		045FBC6526C3AAEC00B3BA7D /* Frameworks */ = {
			isa = PBXFrameworksBuildPhase;
			buildActionMask = 2147483647;
			files = (
			);
			runOnlyForDeploymentPostprocessing = 0;
		};
		04888297266A121200C98A96 /* Frameworks */ = {
			isa = PBXFrameworksBuildPhase;
			buildActionMask = 2147483647;
			files = (
			);
			runOnlyForDeploymentPostprocessing = 0;
		};
/* End PBXFrameworksBuildPhase section */

/* Begin PBXGroup section */
		045FBC5226C3999D00B3BA7D /* Model */ = {
			isa = PBXGroup;
			children = (
				048882B1266A125B00C98A96 /* MVC_Character.swift */,
			);
			path = Model;
			sourceTree = "<group>";
		};
		045FBC5326C399A300B3BA7D /* View */ = {
			isa = PBXGroup;
			children = (
				048882B3266A126000C98A96 /* MVC_CharacterView.swift */,
			);
			path = View;
			sourceTree = "<group>";
		};
		045FBC5426C399AC00B3BA7D /* Controller */ = {
			isa = PBXGroup;
			children = (
				048882B5266A126800C98A96 /* MVC_CharacterController.swift */,
			);
			path = Controller;
			sourceTree = "<group>";
		};
		045FBC5526C399B800B3BA7D /* ViewController */ = {
			isa = PBXGroup;
			children = (
				048882A1266A121200C98A96 /* AppleMVC_CharacterViewController.swift */,
			);
			path = ViewController;
			sourceTree = "<group>";
		};
		045FBC5626C399BD00B3BA7D /* Model */ = {
			isa = PBXGroup;
			children = (
				048882B9266A1A3500C98A96 /* AppleMVC_Character.swift */,
			);
			path = Model;
			sourceTree = "<group>";
		};
		045FBC5726C399D800B3BA7D /* MVP */ = {
			isa = PBXGroup;
			children = (
				045FBC5D26C39D1100B3BA7D /* Protocol */,
				045FBC5C26C39A2800B3BA7D /* View */,
				045FBC5B26C39A2100B3BA7D /* Presenter */,
				045FBC5A26C39A1A00B3BA7D /* Model */,
			);
			path = MVP;
			sourceTree = "<group>";
		};
		045FBC5A26C39A1A00B3BA7D /* Model */ = {
			isa = PBXGroup;
			children = (
				045FBC5826C39A0F00B3BA7D /* MVP_Character.swift */,
			);
			path = Model;
			sourceTree = "<group>";
		};
		045FBC5B26C39A2100B3BA7D /* Presenter */ = {
			isa = PBXGroup;
			children = (
				045FBC5E26C39D6600B3BA7D /* MVP_CharacterPresenter.swift */,
			);
			path = Presenter;
			sourceTree = "<group>";
		};
		045FBC5C26C39A2800B3BA7D /* View */ = {
			isa = PBXGroup;
			children = (
				045FBC6026C39D7400B3BA7D /* MVP_CharacterViewController.swift */,
			);
			path = View;
			sourceTree = "<group>";
		};
		045FBC5D26C39D1100B3BA7D /* Protocol */ = {
			isa = PBXGroup;
			children = (
				045FBC6226C39D9F00B3BA7D /* MVP_CharacterPresenterProtocol.swift */,
			);
			path = Protocol;
			sourceTree = "<group>";
		};
		045FBC6926C3AAEC00B3BA7D /* Architecture ExampleTests */ = {
			isa = PBXGroup;
			children = (
				045FBC7826C3ADB200B3BA7D /* Architecture ExampleTests-Bridging-Header.h */,
				045FBC7426C3AB4800B3BA7D /* Mock_CharacterPresenter.swift */,
				045FBC7626C3AD5300B3BA7D /* CharacterPresenterTests.swift */,
			);
			path = "Architecture ExampleTests";
			sourceTree = "<group>";
		};
		04888291266A121200C98A96 = {
			isa = PBXGroup;
			children = (
				0488829C266A121200C98A96 /* Architecture Example */,
				045FBC6926C3AAEC00B3BA7D /* Architecture ExampleTests */,
				0488829B266A121200C98A96 /* Products */,
			);
			sourceTree = "<group>";
		};
		0488829B266A121200C98A96 /* Products */ = {
			isa = PBXGroup;
			children = (
				0488829A266A121200C98A96 /* Architecture Example.app */,
				045FBC6826C3AAEC00B3BA7D /* Architecture ExampleTests.xctest */,
			);
			name = Products;
			sourceTree = "<group>";
		};
		0488829C266A121200C98A96 /* Architecture Example */ = {
			isa = PBXGroup;
			children = (
				048882BC266A1F1000C98A96 /* StoryBoard */,
				048882BB266A1F0500C98A96 /* Delegate */,
				048882B7266A126F00C98A96 /* MVC */,
				048882B8266A1A0300C98A96 /* Apple MVC */,
				045FBC5726C399D800B3BA7D /* MVP */,
				04DEB20D271E9A1500E8AE7B /* MVVM */,
				048882A6266A121300C98A96 /* Assets.xcassets */,
				048882AB266A121300C98A96 /* Info.plist */,
			);
			path = "Architecture Example";
			sourceTree = "<group>";
		};
		048882B7266A126F00C98A96 /* MVC */ = {
			isa = PBXGroup;
			children = (
				045FBC5426C399AC00B3BA7D /* Controller */,
				045FBC5326C399A300B3BA7D /* View */,
				045FBC5226C3999D00B3BA7D /* Model */,
			);
			path = MVC;
			sourceTree = "<group>";
		};
		048882B8266A1A0300C98A96 /* Apple MVC */ = {
			isa = PBXGroup;
			children = (
				045FBC5626C399BD00B3BA7D /* Model */,
				045FBC5526C399B800B3BA7D /* ViewController */,
			);
			path = "Apple MVC";
			sourceTree = "<group>";
		};
		048882BB266A1F0500C98A96 /* Delegate */ = {
			isa = PBXGroup;
			children = (
				0488829F266A121200C98A96 /* SceneDelegate.swift */,
				0488829D266A121200C98A96 /* AppDelegate.swift */,
			);
			path = Delegate;
			sourceTree = "<group>";
		};
		048882BC266A1F1000C98A96 /* StoryBoard */ = {
			isa = PBXGroup;
			children = (
				048882A8266A121300C98A96 /* LaunchScreen.storyboard */,
				048882A3266A121200C98A96 /* Main.storyboard */,
			);
			path = StoryBoard;
			sourceTree = "<group>";
		};
		04DEB20D271E9A1500E8AE7B /* MVVM */ = {
			isa = PBXGroup;
			children = (
				04DEB212271E9CD800E8AE7B /* Model */,
				04DEB213271E9CE200E8AE7B /* View */,
				04DEB214271E9CE800E8AE7B /* ViewModel */,
			);
			path = MVVM;
			sourceTree = "<group>";
		};
		04DEB212271E9CD800E8AE7B /* Model */ = {
			isa = PBXGroup;
			children = (
				04DEB20E271E9A7400E8AE7B /* Observable.swift */,
				04DEB217271E9D4F00E8AE7B /* MVVM_Character.swift */,
			);
			path = Model;
			sourceTree = "<group>";
		};
		04DEB213271E9CE200E8AE7B /* View */ = {
			isa = PBXGroup;
			children = (
				04DEB210271E9C5E00E8AE7B /* MVVM_CharacterViewController.swift */,
			);
			path = View;
			sourceTree = "<group>";
		};
		04DEB214271E9CE800E8AE7B /* ViewModel */ = {
			isa = PBXGroup;
			children = (
				04DEB215271E9D1B00E8AE7B /* CharacterViewModel.swift */,
			);
			path = ViewModel;
			sourceTree = "<group>";
		};
/* End PBXGroup section */

/* Begin PBXNativeTarget section */
		045FBC6726C3AAEC00B3BA7D /* Architecture ExampleTests */ = {
			isa = PBXNativeTarget;
			buildConfigurationList = 045FBC6E26C3AAEC00B3BA7D /* Build configuration list for PBXNativeTarget "Architecture ExampleTests" */;
			buildPhases = (
				045FBC6426C3AAEC00B3BA7D /* Sources */,
				045FBC6526C3AAEC00B3BA7D /* Frameworks */,
				045FBC6626C3AAEC00B3BA7D /* Resources */,
			);
			buildRules = (
			);
			dependencies = (
				045FBC6D26C3AAEC00B3BA7D /* PBXTargetDependency */,
			);
			name = "Architecture ExampleTests";
			productName = "Architecture ExampleTests";
			productReference = 045FBC6826C3AAEC00B3BA7D /* Architecture ExampleTests.xctest */;
			productType = "com.apple.product-type.bundle.unit-test";
		};
		04888299266A121200C98A96 /* Architecture Example */ = {
			isa = PBXNativeTarget;
			buildConfigurationList = 048882AE266A121300C98A96 /* Build configuration list for PBXNativeTarget "Architecture Example" */;
			buildPhases = (
				04888296266A121200C98A96 /* Sources */,
				04888297266A121200C98A96 /* Frameworks */,
				04888298266A121200C98A96 /* Resources */,
			);
			buildRules = (
			);
			dependencies = (
			);
			name = "Architecture Example";
			productName = "Architecture Example";
			productReference = 0488829A266A121200C98A96 /* Architecture Example.app */;
			productType = "com.apple.product-type.application";
		};
/* End PBXNativeTarget section */

/* Begin PBXProject section */
		04888292266A121200C98A96 /* Project object */ = {
			isa = PBXProject;
			attributes = {
				LastSwiftUpdateCheck = 1300;
				LastUpgradeCheck = 1250;
				TargetAttributes = {
					045FBC6726C3AAEC00B3BA7D = {
						CreatedOnToolsVersion = 13.0;
						LastSwiftMigration = 1300;
						TestTargetID = 04888299266A121200C98A96;
					};
					04888299266A121200C98A96 = {
						CreatedOnToolsVersion = 12.5;
					};
				};
			};
			buildConfigurationList = 04888295266A121200C98A96 /* Build configuration list for PBXProject "Architecture Example" */;
			compatibilityVersion = "Xcode 9.3";
			developmentRegion = en;
			hasScannedForEncodings = 0;
			knownRegions = (
				en,
				Base,
			);
			mainGroup = 04888291266A121200C98A96;
			productRefGroup = 0488829B266A121200C98A96 /* Products */;
			projectDirPath = "";
			projectRoot = "";
			targets = (
				04888299266A121200C98A96 /* Architecture Example */,
				045FBC6726C3AAEC00B3BA7D /* Architecture ExampleTests */,
			);
		};
/* End PBXProject section */

/* Begin PBXResourcesBuildPhase section */
		045FBC6626C3AAEC00B3BA7D /* Resources */ = {
			isa = PBXResourcesBuildPhase;
			buildActionMask = 2147483647;
			files = (
			);
			runOnlyForDeploymentPostprocessing = 0;
		};
		04888298266A121200C98A96 /* Resources */ = {
			isa = PBXResourcesBuildPhase;
			buildActionMask = 2147483647;
			files = (
				048882AA266A121300C98A96 /* LaunchScreen.storyboard in Resources */,
				048882A7266A121300C98A96 /* Assets.xcassets in Resources */,
				048882A5266A121200C98A96 /* Main.storyboard in Resources */,
			);
			runOnlyForDeploymentPostprocessing = 0;
		};
/* End PBXResourcesBuildPhase section */

/* Begin PBXSourcesBuildPhase section */
		045FBC6426C3AAEC00B3BA7D /* Sources */ = {
			isa = PBXSourcesBuildPhase;
			buildActionMask = 2147483647;
			files = (
				045FBC7726C3AD5300B3BA7D /* CharacterPresenterTests.swift in Sources */,
				045FBC7526C3AB4800B3BA7D /* Mock_CharacterPresenter.swift in Sources */,
			);
			runOnlyForDeploymentPostprocessing = 0;
		};
		04888296266A121200C98A96 /* Sources */ = {
			isa = PBXSourcesBuildPhase;
			buildActionMask = 2147483647;
			files = (
				048882A2266A121200C98A96 /* AppleMVC_CharacterViewController.swift in Sources */,
				045FBC5F26C39D6600B3BA7D /* MVP_CharacterPresenter.swift in Sources */,
				048882B6266A126800C98A96 /* MVC_CharacterController.swift in Sources */,
				0488829E266A121200C98A96 /* AppDelegate.swift in Sources */,
				04DEB20F271E9A7400E8AE7B /* Observable.swift in Sources */,
				04DEB211271E9C5E00E8AE7B /* MVVM_CharacterViewController.swift in Sources */,
				048882B4266A126000C98A96 /* MVC_CharacterView.swift in Sources */,
				048882A0266A121200C98A96 /* SceneDelegate.swift in Sources */,
				04DEB216271E9D1B00E8AE7B /* CharacterViewModel.swift in Sources */,
				045FBC5926C39A0F00B3BA7D /* MVP_Character.swift in Sources */,
				04DEB218271E9D4F00E8AE7B /* MVVM_Character.swift in Sources */,
				045FBC6326C39D9F00B3BA7D /* MVP_CharacterPresenterProtocol.swift in Sources */,
				048882B2266A125B00C98A96 /* MVC_Character.swift in Sources */,
				045FBC6126C39D7400B3BA7D /* MVP_CharacterViewController.swift in Sources */,
				048882BA266A1A3500C98A96 /* AppleMVC_Character.swift in Sources */,
			);
			runOnlyForDeploymentPostprocessing = 0;
		};
/* End PBXSourcesBuildPhase section */

/* Begin PBXTargetDependency section */
		045FBC6D26C3AAEC00B3BA7D /* PBXTargetDependency */ = {
			isa = PBXTargetDependency;
			target = 04888299266A121200C98A96 /* Architecture Example */;
			targetProxy = 045FBC6C26C3AAEC00B3BA7D /* PBXContainerItemProxy */;
		};
/* End PBXTargetDependency section */

/* Begin PBXVariantGroup section */
		048882A3266A121200C98A96 /* Main.storyboard */ = {
			isa = PBXVariantGroup;
			children = (
				048882A4266A121200C98A96 /* Base */,
			);
			name = Main.storyboard;
			sourceTree = "<group>";
		};
		048882A8266A121300C98A96 /* LaunchScreen.storyboard */ = {
			isa = PBXVariantGroup;
			children = (
				048882A9266A121300C98A96 /* Base */,
			);
			name = LaunchScreen.storyboard;
			sourceTree = "<group>";
		};
/* End PBXVariantGroup section */

/* Begin XCBuildConfiguration section */
		045FBC6F26C3AAEC00B3BA7D /* Debug */ = {
			isa = XCBuildConfiguration;
			buildSettings = {
				BUNDLE_LOADER = "$(TEST_HOST)";
				CLANG_CXX_LANGUAGE_STANDARD = "gnu++17";
				CLANG_ENABLE_MODULES = YES;
				CODE_SIGN_STYLE = Automatic;
				CURRENT_PROJECT_VERSION = 1;
				DEVELOPMENT_TEAM = 2F54VR68GM;
				GENERATE_INFOPLIST_FILE = YES;
				IPHONEOS_DEPLOYMENT_TARGET = 15.0;
				LD_RUNPATH_SEARCH_PATHS = (
					"$(inherited)",
					"@executable_path/Frameworks",
					"@loader_path/Frameworks",
				);
				MARKETING_VERSION = 1.0;
				PRODUCT_BUNDLE_IDENTIFIER = "com.fomagran.Architecture-ExampleTests";
				PRODUCT_NAME = "$(TARGET_NAME)";
				SWIFT_EMIT_LOC_STRINGS = NO;
				SWIFT_OBJC_BRIDGING_HEADER = "Architecture ExampleTests/Architecture ExampleTests-Bridging-Header.h";
				SWIFT_OPTIMIZATION_LEVEL = "-Onone";
				SWIFT_VERSION = 5.0;
				TARGETED_DEVICE_FAMILY = "1,2";
				TEST_HOST = "$(BUILT_PRODUCTS_DIR)/Architecture Example.app/Architecture Example";
			};
			name = Debug;
		};
		045FBC7026C3AAEC00B3BA7D /* Release */ = {
			isa = XCBuildConfiguration;
			buildSettings = {
				BUNDLE_LOADER = "$(TEST_HOST)";
				CLANG_CXX_LANGUAGE_STANDARD = "gnu++17";
				CLANG_ENABLE_MODULES = YES;
				CODE_SIGN_STYLE = Automatic;
				CURRENT_PROJECT_VERSION = 1;
				DEVELOPMENT_TEAM = 2F54VR68GM;
				GENERATE_INFOPLIST_FILE = YES;
				IPHONEOS_DEPLOYMENT_TARGET = 15.0;
				LD_RUNPATH_SEARCH_PATHS = (
					"$(inherited)",
					"@executable_path/Frameworks",
					"@loader_path/Frameworks",
				);
				MARKETING_VERSION = 1.0;
				PRODUCT_BUNDLE_IDENTIFIER = "com.fomagran.Architecture-ExampleTests";
				PRODUCT_NAME = "$(TARGET_NAME)";
				SWIFT_EMIT_LOC_STRINGS = NO;
				SWIFT_OBJC_BRIDGING_HEADER = "Architecture ExampleTests/Architecture ExampleTests-Bridging-Header.h";
				SWIFT_VERSION = 5.0;
				TARGETED_DEVICE_FAMILY = "1,2";
				TEST_HOST = "$(BUILT_PRODUCTS_DIR)/Architecture Example.app/Architecture Example";
			};
			name = Release;
		};
		048882AC266A121300C98A96 /* Debug */ = {
			isa = XCBuildConfiguration;
			buildSettings = {
				ALWAYS_SEARCH_USER_PATHS = NO;
				CLANG_ANALYZER_NONNULL = YES;
				CLANG_ANALYZER_NUMBER_OBJECT_CONVERSION = YES_AGGRESSIVE;
				CLANG_CXX_LANGUAGE_STANDARD = "gnu++14";
				CLANG_CXX_LIBRARY = "libc++";
				CLANG_ENABLE_MODULES = YES;
				CLANG_ENABLE_OBJC_ARC = YES;
				CLANG_ENABLE_OBJC_WEAK = YES;
				CLANG_WARN_BLOCK_CAPTURE_AUTORELEASING = YES;
				CLANG_WARN_BOOL_CONVERSION = YES;
				CLANG_WARN_COMMA = YES;
				CLANG_WARN_CONSTANT_CONVERSION = YES;
				CLANG_WARN_DEPRECATED_OBJC_IMPLEMENTATIONS = YES;
				CLANG_WARN_DIRECT_OBJC_ISA_USAGE = YES_ERROR;
				CLANG_WARN_DOCUMENTATION_COMMENTS = YES;
				CLANG_WARN_EMPTY_BODY = YES;
				CLANG_WARN_ENUM_CONVERSION = YES;
				CLANG_WARN_INFINITE_RECURSION = YES;
				CLANG_WARN_INT_CONVERSION = YES;
				CLANG_WARN_NON_LITERAL_NULL_CONVERSION = YES;
				CLANG_WARN_OBJC_IMPLICIT_RETAIN_SELF = YES;
				CLANG_WARN_OBJC_LITERAL_CONVERSION = YES;
				CLANG_WARN_OBJC_ROOT_CLASS = YES_ERROR;
				CLANG_WARN_QUOTED_INCLUDE_IN_FRAMEWORK_HEADER = YES;
				CLANG_WARN_RANGE_LOOP_ANALYSIS = YES;
				CLANG_WARN_STRICT_PROTOTYPES = YES;
				CLANG_WARN_SUSPICIOUS_MOVE = YES;
				CLANG_WARN_UNGUARDED_AVAILABILITY = YES_AGGRESSIVE;
				CLANG_WARN_UNREACHABLE_CODE = YES;
				CLANG_WARN__DUPLICATE_METHOD_MATCH = YES;
				COPY_PHASE_STRIP = NO;
				DEBUG_INFORMATION_FORMAT = dwarf;
				ENABLE_STRICT_OBJC_MSGSEND = YES;
				ENABLE_TESTABILITY = YES;
				GCC_C_LANGUAGE_STANDARD = gnu11;
				GCC_DYNAMIC_NO_PIC = NO;
				GCC_NO_COMMON_BLOCKS = YES;
				GCC_OPTIMIZATION_LEVEL = 0;
				GCC_PREPROCESSOR_DEFINITIONS = (
					"DEBUG=1",
					"$(inherited)",
				);
				GCC_WARN_64_TO_32_BIT_CONVERSION = YES;
				GCC_WARN_ABOUT_RETURN_TYPE = YES_ERROR;
				GCC_WARN_UNDECLARED_SELECTOR = YES;
				GCC_WARN_UNINITIALIZED_AUTOS = YES_AGGRESSIVE;
				GCC_WARN_UNUSED_FUNCTION = YES;
				GCC_WARN_UNUSED_VARIABLE = YES;
				IPHONEOS_DEPLOYMENT_TARGET = 14.5;
				MTL_ENABLE_DEBUG_INFO = INCLUDE_SOURCE;
				MTL_FAST_MATH = YES;
				ONLY_ACTIVE_ARCH = YES;
				SDKROOT = iphoneos;
				SWIFT_ACTIVE_COMPILATION_CONDITIONS = DEBUG;
				SWIFT_OPTIMIZATION_LEVEL = "-Onone";
			};
			name = Debug;
		};
		048882AD266A121300C98A96 /* Release */ = {
			isa = XCBuildConfiguration;
			buildSettings = {
				ALWAYS_SEARCH_USER_PATHS = NO;
				CLANG_ANALYZER_NONNULL = YES;
				CLANG_ANALYZER_NUMBER_OBJECT_CONVERSION = YES_AGGRESSIVE;
				CLANG_CXX_LANGUAGE_STANDARD = "gnu++14";
				CLANG_CXX_LIBRARY = "libc++";
				CLANG_ENABLE_MODULES = YES;
				CLANG_ENABLE_OBJC_ARC = YES;
				CLANG_ENABLE_OBJC_WEAK = YES;
				CLANG_WARN_BLOCK_CAPTURE_AUTORELEASING = YES;
				CLANG_WARN_BOOL_CONVERSION = YES;
				CLANG_WARN_COMMA = YES;
				CLANG_WARN_CONSTANT_CONVERSION = YES;
				CLANG_WARN_DEPRECATED_OBJC_IMPLEMENTATIONS = YES;
				CLANG_WARN_DIRECT_OBJC_ISA_USAGE = YES_ERROR;
				CLANG_WARN_DOCUMENTATION_COMMENTS = YES;
				CLANG_WARN_EMPTY_BODY = YES;
				CLANG_WARN_ENUM_CONVERSION = YES;
				CLANG_WARN_INFINITE_RECURSION = YES;
				CLANG_WARN_INT_CONVERSION = YES;
				CLANG_WARN_NON_LITERAL_NULL_CONVERSION = YES;
				CLANG_WARN_OBJC_IMPLICIT_RETAIN_SELF = YES;
				CLANG_WARN_OBJC_LITERAL_CONVERSION = YES;
				CLANG_WARN_OBJC_ROOT_CLASS = YES_ERROR;
				CLANG_WARN_QUOTED_INCLUDE_IN_FRAMEWORK_HEADER = YES;
				CLANG_WARN_RANGE_LOOP_ANALYSIS = YES;
				CLANG_WARN_STRICT_PROTOTYPES = YES;
				CLANG_WARN_SUSPICIOUS_MOVE = YES;
				CLANG_WARN_UNGUARDED_AVAILABILITY = YES_AGGRESSIVE;
				CLANG_WARN_UNREACHABLE_CODE = YES;
				CLANG_WARN__DUPLICATE_METHOD_MATCH = YES;
				COPY_PHASE_STRIP = NO;
				DEBUG_INFORMATION_FORMAT = "dwarf-with-dsym";
				ENABLE_NS_ASSERTIONS = NO;
				ENABLE_STRICT_OBJC_MSGSEND = YES;
				GCC_C_LANGUAGE_STANDARD = gnu11;
				GCC_NO_COMMON_BLOCKS = YES;
				GCC_WARN_64_TO_32_BIT_CONVERSION = YES;
				GCC_WARN_ABOUT_RETURN_TYPE = YES_ERROR;
				GCC_WARN_UNDECLARED_SELECTOR = YES;
				GCC_WARN_UNINITIALIZED_AUTOS = YES_AGGRESSIVE;
				GCC_WARN_UNUSED_FUNCTION = YES;
				GCC_WARN_UNUSED_VARIABLE = YES;
				IPHONEOS_DEPLOYMENT_TARGET = 14.5;
				MTL_ENABLE_DEBUG_INFO = NO;
				MTL_FAST_MATH = YES;
				SDKROOT = iphoneos;
				SWIFT_COMPILATION_MODE = wholemodule;
				SWIFT_OPTIMIZATION_LEVEL = "-O";
				VALIDATE_PRODUCT = YES;
			};
			name = Release;
		};
		048882AF266A121300C98A96 /* Debug */ = {
			isa = XCBuildConfiguration;
			buildSettings = {
				ASSETCATALOG_COMPILER_APPICON_NAME = AppIcon;
				ASSETCATALOG_COMPILER_GLOBAL_ACCENT_COLOR_NAME = AccentColor;
				CODE_SIGN_STYLE = Automatic;
				DEVELOPMENT_TEAM = 2F54VR68GM;
				INFOPLIST_FILE = "Architecture Example/Info.plist";
				LD_RUNPATH_SEARCH_PATHS = (
					"$(inherited)",
					"@executable_path/Frameworks",
				);
				PRODUCT_BUNDLE_IDENTIFIER = "com.fomagran.Architecture-Example";
				PRODUCT_NAME = "$(TARGET_NAME)";
				SWIFT_VERSION = 5.0;
				TARGETED_DEVICE_FAMILY = "1,2";
			};
			name = Debug;
		};
		048882B0266A121300C98A96 /* Release */ = {
			isa = XCBuildConfiguration;
			buildSettings = {
				ASSETCATALOG_COMPILER_APPICON_NAME = AppIcon;
				ASSETCATALOG_COMPILER_GLOBAL_ACCENT_COLOR_NAME = AccentColor;
				CODE_SIGN_STYLE = Automatic;
				DEVELOPMENT_TEAM = 2F54VR68GM;
				INFOPLIST_FILE = "Architecture Example/Info.plist";
				LD_RUNPATH_SEARCH_PATHS = (
					"$(inherited)",
					"@executable_path/Frameworks",
				);
				PRODUCT_BUNDLE_IDENTIFIER = "com.fomagran.Architecture-Example";
				PRODUCT_NAME = "$(TARGET_NAME)";
				SWIFT_VERSION = 5.0;
				TARGETED_DEVICE_FAMILY = "1,2";
			};
			name = Release;
		};
/* End XCBuildConfiguration section */

/* Begin XCConfigurationList section */
		045FBC6E26C3AAEC00B3BA7D /* Build configuration list for PBXNativeTarget "Architecture ExampleTests" */ = {
			isa = XCConfigurationList;
			buildConfigurations = (
				045FBC6F26C3AAEC00B3BA7D /* Debug */,
				045FBC7026C3AAEC00B3BA7D /* Release */,
			);
			defaultConfigurationIsVisible = 0;
			defaultConfigurationName = Release;
		};
		04888295266A121200C98A96 /* Build configuration list for PBXProject "Architecture Example" */ = {
			isa = XCConfigurationList;
			buildConfigurations = (
				048882AC266A121300C98A96 /* Debug */,
				048882AD266A121300C98A96 /* Release */,
			);
			defaultConfigurationIsVisible = 0;
			defaultConfigurationName = Release;
		};
		048882AE266A121300C98A96 /* Build configuration list for PBXNativeTarget "Architecture Example" */ = {
			isa = XCConfigurationList;
			buildConfigurations = (
				048882AF266A121300C98A96 /* Debug */,
				048882B0266A121300C98A96 /* Release */,
			);
			defaultConfigurationIsVisible = 0;
			defaultConfigurationName = Release;
		};
/* End XCConfigurationList section */
	};
	rootObject = 04888292266A121200C98A96 /* Project object */;
}
